
Microsoft Visual Studio Solution File, Format Version 12.00
# Visual Studio Version 16
VisualStudioVersion = 16.0.29709.97
MinimumVisualStudioVersion = 10.0.40219.1
Project("{9A19103F-16F7-4668-BE54-9A1E7A4F7556}") = "QuickBuy.Web", "QuickBuy.Web\QuickBuy.Web.csproj", "{36FE0989-E877-4FDB-98B3-0264789AD9B9}"
EndProject
Project("{FAE04EC0-301F-11D3-BF4B-00C04F79EFBC}") = "QuickBuy.Dominio", "QuickBuy.Dominio\QuickBuy.Dominio.csproj", "{D9FAD7C3-3F7C-459D-BF0D-2FD93DFE33C3}"
EndProject
Project("{FAE04EC0-301F-11D3-BF4B-00C04F79EFBC}") = "QuickBuy.Repositorio", "..\QuickBuy.Repositorio\QuickBuy.Repositorio.csproj", "{6E71F4FD-D969-43D6-A8E8-C451D9FA3C33}"
EndProject
Global
	GlobalSection(SolutionConfigurationPlatforms) = preSolution
		Debug|Any CPU = Debug|Any CPU
		Release|Any CPU = Release|Any CPU
	EndGlobalSection
	GlobalSection(ProjectConfigurationPlatforms) = postSolution
		{36FE0989-E877-4FDB-98B3-0264789AD9B9}.Debug|Any CPU.ActiveCfg = Debug|Any CPU
		{36FE0989-E877-4FDB-98B3-0264789AD9B9}.Debug|Any CPU.Build.0 = Debug|Any CPU
		{36FE0989-E877-4FDB-98B3-0264789AD9B9}.Release|Any CPU.ActiveCfg = Release|Any CPU
		{36FE0989-E877-4FDB-98B3-0264789AD9B9}.Release|Any CPU.Build.0 = Release|Any CPU
		{D9FAD7C3-3F7C-459D-BF0D-2FD93DFE33C3}.Debug|Any CPU.ActiveCfg = Debug|Any CPU
		{D9FAD7C3-3F7C-459D-BF0D-2FD93DFE33C3}.Debug|Any CPU.Build.0 = Debug|Any CPU
		{D9FAD7C3-3F7C-459D-BF0D-2FD93DFE33C3}.Release|Any CPU.ActiveCfg = Release|Any CPU
		{D9FAD7C3-3F7C-459D-BF0D-2FD93DFE33C3}.Release|Any CPU.Build.0 = Release|Any CPU
		{6E71F4FD-D969-43D6-A8E8-C451D9FA3C33}.Debug|Any CPU.ActiveCfg = Debug|Any CPU
		{6E71F4FD-D969-43D6-A8E8-C451D9FA3C33}.Debug|Any CPU.Build.0 = Debug|Any CPU
		{6E71F4FD-D969-43D6-A8E8-C451D9FA3C33}.Release|Any CPU.ActiveCfg = Release|Any CPU
		{6E71F4FD-D969-43D6-A8E8-C451D9FA3C33}.Release|Any CPU.Build.0 = Release|Any CPU
	EndGlobalSection
	GlobalSection(SolutionProperties) = preSolution
		HideSolutionNode = FALSE
	EndGlobalSection
	GlobalSection(ExtensibilityGlobals) = postSolution
		SolutionGuid = {B87A1511-87F1-42E7-8520-5B6E292D6C4B}
	EndGlobalSection
EndGlobal
